// !$*UTF8*$!
{
	archiveVersion = 1;
	classes = {
	};
	objectVersion = 50;
	objects = {

/* Begin PBXBuildFile section */
		EEB31DAC2613EE71001F43FE /* DynamicListApp.swift in Sources */ = {isa = PBXBuildFile; fileRef = EEB31DAB2613EE71001F43FE /* DynamicListApp.swift */; };
		EEB31DAE2613EE71001F43FE /* ContentView.swift in Sources */ = {isa = PBXBuildFile; fileRef = EEB31DAD2613EE71001F43FE /* ContentView.swift */; };
		EEB31DB02613EE76001F43FE /* Assets.xcassets in Resources */ = {isa = PBXBuildFile; fileRef = EEB31DAF2613EE76001F43FE /* Assets.xcassets */; };
		EEB31DB32613EE76001F43FE /* Preview Assets.xcassets in Resources */ = {isa = PBXBuildFile; fileRef = EEB31DB22613EE76001F43FE /* Preview Assets.xcassets */; };
		EEB31DBD2613FDAF001F43FE /* StockRow.swift in Sources */ = {isa = PBXBuildFile; fileRef = EEB31DBC2613FDAF001F43FE /* StockRow.swift */; };
		EEB31DC12613FE2A001F43FE /* Stock.swift in Sources */ = {isa = PBXBuildFile; fileRef = EEB31DC02613FE2A001F43FE /* Stock.swift */; };
		EEB31DC52613FE6E001F43FE /* StockViewModel.swift in Sources */ = {isa = PBXBuildFile; fileRef = EEB31DC42613FE6E001F43FE /* StockViewModel.swift */; };
/* End PBXBuildFile section */

/* Begin PBXFileReference section */
		EEB31DA82613EE71001F43FE /* DynamicList.app */ = {isa = PBXFileReference; explicitFileType = wrapper.application; includeInIndex = 0; path = DynamicList.app; sourceTree = BUILT_PRODUCTS_DIR; };
		EEB31DAB2613EE71001F43FE /* DynamicListApp.swift */ = {isa = PBXFileReference; lastKnownFileType = sourcecode.swift; path = DynamicListApp.swift; sourceTree = "<group>"; };
		EEB31DAD2613EE71001F43FE /* ContentView.swift */ = {isa = PBXFileReference; lastKnownFileType = sourcecode.swift; path = ContentView.swift; sourceTree = "<group>"; };
		EEB31DAF2613EE76001F43FE /* Assets.xcassets */ = {isa = PBXFileReference; lastKnownFileType = folder.assetcatalog; path = Assets.xcassets; sourceTree = "<group>"; };
		EEB31DB22613EE76001F43FE /* Preview Assets.xcassets */ = {isa = PBXFileReference; lastKnownFileType = folder.assetcatalog; path = "Preview Assets.xcassets"; sourceTree = "<group>"; };
		EEB31DB42613EE76001F43FE /* Info.plist */ = {isa = PBXFileReference; lastKnownFileType = text.plist.xml; path = Info.plist; sourceTree = "<group>"; };
		EEB31DBC2613FDAF001F43FE /* StockRow.swift */ = {isa = PBXFileReference; lastKnownFileType = sourcecode.swift; path = StockRow.swift; sourceTree = "<group>"; };
		EEB31DC02613FE2A001F43FE /* Stock.swift */ = {isa = PBXFileReference; lastKnownFileType = sourcecode.swift; path = Stock.swift; sourceTree = "<group>"; };
		EEB31DC42613FE6E001F43FE /* StockViewModel.swift */ = {isa = PBXFileReference; lastKnownFileType = sourcecode.swift; path = StockViewModel.swift; sourceTree = "<group>"; };
/* End PBXFileReference section */

/* Begin PBXFrameworksBuildPhase section */
		EEB31DA52613EE71001F43FE /* Frameworks */ = {
			isa = PBXFrameworksBuildPhase;
			buildActionMask = 2147483647;
			files = (
			);
			runOnlyForDeploymentPostprocessing = 0;
		};
/* End PBXFrameworksBuildPhase section */

/* Begin PBXGroup section */
		EEB31D9F2613EE71001F43FE = {
			isa = PBXGroup;
			children = (
				EEB31DAA2613EE71001F43FE /* DynamicList */,
				EEB31DA92613EE71001F43FE /* Products */,
			);
			sourceTree = "<group>";
		};
		EEB31DA92613EE71001F43FE /* Products */ = {
			isa = PBXGroup;
			children = (
				EEB31DA82613EE71001F43FE /* DynamicList.app */,
			);
			name = Products;
			sourceTree = "<group>";
		};
		EEB31DAA2613EE71001F43FE /* DynamicList */ = {
			isa = PBXGroup;
			children = (
				EEB31DC32613FE49001F43FE /* viewmodel */,
				EEB31DBF2613FE0A001F43FE /* model */,
				EEB31DBB2613FD93001F43FE /* view */,
				EEB31DAB2613EE71001F43FE /* DynamicListApp.swift */,
				EEB31DAD2613EE71001F43FE /* ContentView.swift */,
				EEB31DAF2613EE76001F43FE /* Assets.xcassets */,
				EEB31DB42613EE76001F43FE /* Info.plist */,
				EEB31DB12613EE76001F43FE /* Preview Content */,
			);
			path = DynamicList;
			sourceTree = "<group>";
		};
		EEB31DB12613EE76001F43FE /* Preview Content */ = {
			isa = PBXGroup;
			children = (
				EEB31DB22613EE76001F43FE /* Preview Assets.xcassets */,
			);
			path = "Preview Content";
			sourceTree = "<group>";
		};
		EEB31DBB2613FD93001F43FE /* view */ = {
			isa = PBXGroup;
			children = (
				EEB31DBC2613FDAF001F43FE /* StockRow.swift */,
			);
			path = view;
			sourceTree = "<group>";
		};
		EEB31DBF2613FE0A001F43FE /* model */ = {
			isa = PBXGroup;
			children = (
				EEB31DC02613FE2A001F43FE /* Stock.swift */,
			);
			path = model;
			sourceTree = "<group>";
		};
		EEB31DC32613FE49001F43FE /* viewmodel */ = {
			isa = PBXGroup;
			children = (
				EEB31DC42613FE6E001F43FE /* StockViewModel.swift */,
			);
			path = viewmodel;
			sourceTree = "<group>";
		};
/* End PBXGroup section */

/* Begin PBXNativeTarget section */
		EEB31DA72613EE71001F43FE /* DynamicList */ = {
			isa = PBXNativeTarget;
			buildConfigurationList = EEB31DB72613EE76001F43FE /* Build configuration list for PBXNativeTarget "DynamicList" */;
			buildPhases = (
				EEB31DA42613EE71001F43FE /* Sources */,
				EEB31DA52613EE71001F43FE /* Frameworks */,
				EEB31DA62613EE71001F43FE /* Resources */,
			);
			buildRules = (
			);
			dependencies = (
			);
			name = DynamicList;
			productName = DynamicList;
			productReference = EEB31DA82613EE71001F43FE /* DynamicList.app */;
			productType = "com.apple.product-type.application";
		};
/* End PBXNativeTarget section */

/* Begin PBXProject section */
		EEB31DA02613EE71001F43FE /* Project object */ = {
			isa = PBXProject;
			attributes = {
				LastSwiftUpdateCheck = 1240;
				LastUpgradeCheck = 1240;
				TargetAttributes = {
					EEB31DA72613EE71001F43FE = {
						CreatedOnToolsVersion = 12.4;
					};
				};
			};
			buildConfigurationList = EEB31DA32613EE71001F43FE /* Build configuration list for PBXProject "DynamicList" */;
			compatibilityVersion = "Xcode 9.3";
			developmentRegion = en;
			hasScannedForEncodings = 0;
			knownRegions = (
				en,
				Base,
			);
			mainGroup = EEB31D9F2613EE71001F43FE;
			productRefGroup = EEB31DA92613EE71001F43FE /* Products */;
			projectDirPath = "";
			projectRoot = "";
			targets = (
				EEB31DA72613EE71001F43FE /* DynamicList */,
			);
		};
/* End PBXProject section */

/* Begin PBXResourcesBuildPhase section */
		EEB31DA62613EE71001F43FE /* Resources */ = {
			isa = PBXResourcesBuildPhase;
			buildActionMask = 2147483647;
			files = (
				EEB31DB32613EE76001F43FE /* Preview Assets.xcassets in Resources */,
				EEB31DB02613EE76001F43FE /* Assets.xcassets in Resources */,
			);
			runOnlyForDeploymentPostprocessing = 0;
		};
/* End PBXResourcesBuildPhase section */

/* Begin PBXSourcesBuildPhase section */
		EEB31DA42613EE71001F43FE /* Sources */ = {
			isa = PBXSourcesBuildPhase;
			buildActionMask = 2147483647;
			files = (
				EEB31DBD2613FDAF001F43FE /* StockRow.swift in Sources */,
				EEB31DC52613FE6E001F43FE /* StockViewModel.swift in Sources */,
				EEB31DAE2613EE71001F43FE /* ContentView.swift in Sources */,
				EEB31DC12613FE2A001F43FE /* Stock.swift in Sources */,
				EEB31DAC2613EE71001F43FE /* DynamicListApp.swift in Sources */,
			);
			runOnlyForDeploymentPostprocessing = 0;
		};
/* End PBXSourcesBuildPhase section */

/* Begin XCBuildConfiguration section */
		EEB31DB52613EE76001F43FE /* Debug */ = {
			isa = XCBuildConfiguration;
			buildSettings = {
				ALWAYS_SEARCH_USER_PATHS = NO;
				CLANG_ANALYZER_NONNULL = YES;
				CLANG_ANALYZER_NUMBER_OBJECT_CONVERSION = YES_AGGRESSIVE;
				CLANG_CXX_LANGUAGE_STANDARD = "gnu++14";
				CLANG_CXX_LIBRARY = "libc++";
				CLANG_ENABLE_MODULES = YES;
				CLANG_ENABLE_OBJC_ARC = YES;
				CLANG_ENABLE_OBJC_WEAK = YES;
				CLANG_WARN_BLOCK_CAPTURE_AUTORELEASING = YES;
				CLANG_WARN_BOOL_CONVERSION = YES;
				CLANG_WARN_COMMA = YES;
				CLANG_WARN_CONSTANT_CONVERSION = YES;
				CLANG_WARN_DEPRECATED_OBJC_IMPLEMENTATIONS = YES;
				CLANG_WARN_DIRECT_OBJC_ISA_USAGE = YES_ERROR;
				CLANG_WARN_DOCUMENTATION_COMMENTS = YES;
				CLANG_WARN_EMPTY_BODY = YES;
				CLANG_WARN_ENUM_CONVERSION = YES;
				CLANG_WARN_INFINITE_RECURSION = YES;
				CLANG_WARN_INT_CONVERSION = YES;
				CLANG_WARN_NON_LITERAL_NULL_CONVERSION = YES;
				CLANG_WARN_OBJC_IMPLICIT_RETAIN_SELF = YES;
				CLANG_WARN_OBJC_LITERAL_CONVERSION = YES;
				CLANG_WARN_OBJC_ROOT_CLASS = YES_ERROR;
				CLANG_WARN_QUOTED_INCLUDE_IN_FRAMEWORK_HEADER = YES;
				CLANG_WARN_RANGE_LOOP_ANALYSIS = YES;
				CLANG_WARN_STRICT_PROTOTYPES = YES;
				CLANG_WARN_SUSPICIOUS_MOVE = YES;
				CLANG_WARN_UNGUARDED_AVAILABILITY = YES_AGGRESSIVE;
				CLANG_WARN_UNREACHABLE_CODE = YES;
				CLANG_WARN__DUPLICATE_METHOD_MATCH = YES;
				COPY_PHASE_STRIP = NO;
				DEBUG_INFORMATION_FORMAT = dwarf;
				ENABLE_STRICT_OBJC_MSGSEND = YES;
				ENABLE_TESTABILITY = YES;
				GCC_C_LANGUAGE_STANDARD = gnu11;
				GCC_DYNAMIC_NO_PIC = NO;
				GCC_NO_COMMON_BLOCKS = YES;
				GCC_OPTIMIZATION_LEVEL = 0;
				GCC_PREPROCESSOR_DEFINITIONS = (
					"DEBUG=1",
					"$(inherited)",
				);
				GCC_WARN_64_TO_32_BIT_CONVERSION = YES;
				GCC_WARN_ABOUT_RETURN_TYPE = YES_ERROR;
				GCC_WARN_UNDECLARED_SELECTOR = YES;
				GCC_WARN_UNINITIALIZED_AUTOS = YES_AGGRESSIVE;
				GCC_WARN_UNUSED_FUNCTION = YES;
				GCC_WARN_UNUSED_VARIABLE = YES;
				IPHONEOS_DEPLOYMENT_TARGET = 14.4;
				MTL_ENABLE_DEBUG_INFO = INCLUDE_SOURCE;
				MTL_FAST_MATH = YES;
				ONLY_ACTIVE_ARCH = YES;
				SDKROOT = iphoneos;
				SWIFT_ACTIVE_COMPILATION_CONDITIONS = DEBUG;
				SWIFT_OPTIMIZATION_LEVEL = "-Onone";
			};
			name = Debug;
		};
		EEB31DB62613EE76001F43FE /* Release */ = {
			isa = XCBuildConfiguration;
			buildSettings = {
				ALWAYS_SEARCH_USER_PATHS = NO;
				CLANG_ANALYZER_NONNULL = YES;
				CLANG_ANALYZER_NUMBER_OBJECT_CONVERSION = YES_AGGRESSIVE;
				CLANG_CXX_LANGUAGE_STANDARD = "gnu++14";
				CLANG_CXX_LIBRARY = "libc++";
				CLANG_ENABLE_MODULES = YES;
				CLANG_ENABLE_OBJC_ARC = YES;
				CLANG_ENABLE_OBJC_WEAK = YES;
				CLANG_WARN_BLOCK_CAPTURE_AUTORELEASING = YES;
				CLANG_WARN_BOOL_CONVERSION = YES;
				CLANG_WARN_COMMA = YES;
				CLANG_WARN_CONSTANT_CONVERSION = YES;
				CLANG_WARN_DEPRECATED_OBJC_IMPLEMENTATIONS = YES;
				CLANG_WARN_DIRECT_OBJC_ISA_USAGE = YES_ERROR;
				CLANG_WARN_DOCUMENTATION_COMMENTS = YES;
				CLANG_WARN_EMPTY_BODY = YES;
				CLANG_WARN_ENUM_CONVERSION = YES;
				CLANG_WARN_INFINITE_RECURSION = YES;
				CLANG_WARN_INT_CONVERSION = YES;
				CLANG_WARN_NON_LITERAL_NULL_CONVERSION = YES;
				CLANG_WARN_OBJC_IMPLICIT_RETAIN_SELF = YES;
				CLANG_WARN_OBJC_LITERAL_CONVERSION = YES;
				CLANG_WARN_OBJC_ROOT_CLASS = YES_ERROR;
				CLANG_WARN_QUOTED_INCLUDE_IN_FRAMEWORK_HEADER = YES;
				CLANG_WARN_RANGE_LOOP_ANALYSIS = YES;
				CLANG_WARN_STRICT_PROTOTYPES = YES;
				CLANG_WARN_SUSPICIOUS_MOVE = YES;
				CLANG_WARN_UNGUARDED_AVAILABILITY = YES_AGGRESSIVE;
				CLANG_WARN_UNREACHABLE_CODE = YES;
				CLANG_WARN__DUPLICATE_METHOD_MATCH = YES;
				COPY_PHASE_STRIP = NO;
				DEBUG_INFORMATION_FORMAT = "dwarf-with-dsym";
				ENABLE_NS_ASSERTIONS = NO;
				ENABLE_STRICT_OBJC_MSGSEND = YES;
				GCC_C_LANGUAGE_STANDARD = gnu11;
				GCC_NO_COMMON_BLOCKS = YES;
				GCC_WARN_64_TO_32_BIT_CONVERSION = YES;
				GCC_WARN_ABOUT_RETURN_TYPE = YES_ERROR;
				GCC_WARN_UNDECLARED_SELECTOR = YES;
				GCC_WARN_UNINITIALIZED_AUTOS = YES_AGGRESSIVE;
				GCC_WARN_UNUSED_FUNCTION = YES;
				GCC_WARN_UNUSED_VARIABLE = YES;
				IPHONEOS_DEPLOYMENT_TARGET = 14.4;
				MTL_ENABLE_DEBUG_INFO = NO;
				MTL_FAST_MATH = YES;
				SDKROOT = iphoneos;
				SWIFT_COMPILATION_MODE = wholemodule;
				SWIFT_OPTIMIZATION_LEVEL = "-O";
				VALIDATE_PRODUCT = YES;
			};
			name = Release;
		};
		EEB31DB82613EE76001F43FE /* Debug */ = {
			isa = XCBuildConfiguration;
			buildSettings = {
				ASSETCATALOG_COMPILER_APPICON_NAME = AppIcon;
				ASSETCATALOG_COMPILER_GLOBAL_ACCENT_COLOR_NAME = AccentColor;
				CODE_SIGN_STYLE = Automatic;
				DEVELOPMENT_ASSET_PATHS = "\"DynamicList/Preview Content\"";
				DEVELOPMENT_TEAM = EB3GXE55ED;
				ENABLE_PREVIEWS = YES;
				INFOPLIST_FILE = DynamicList/Info.plist;
				IPHONEOS_DEPLOYMENT_TARGET = 14.0;
				LD_RUNPATH_SEARCH_PATHS = (
					"$(inherited)",
					"@executable_path/Frameworks",
				);
				PRODUCT_BUNDLE_IDENTIFIER = com.vitoleandro.DynamicList;
				PRODUCT_NAME = "$(TARGET_NAME)";
				SWIFT_VERSION = 5.0;
				TARGETED_DEVICE_FAMILY = "1,2";
			};
			name = Debug;
		};
		EEB31DB92613EE76001F43FE /* Release */ = {
			isa = XCBuildConfiguration;
			buildSettings = {
				ASSETCATALOG_COMPILER_APPICON_NAME = AppIcon;
				ASSETCATALOG_COMPILER_GLOBAL_ACCENT_COLOR_NAME = AccentColor;
				CODE_SIGN_STYLE = Automatic;
				DEVELOPMENT_ASSET_PATHS = "\"DynamicList/Preview Content\"";
				DEVELOPMENT_TEAM = EB3GXE55ED;
				ENABLE_PREVIEWS = YES;
				INFOPLIST_FILE = DynamicList/Info.plist;
				IPHONEOS_DEPLOYMENT_TARGET = 14.0;
				LD_RUNPATH_SEARCH_PATHS = (
					"$(inherited)",
					"@executable_path/Frameworks",
				);
				PRODUCT_BUNDLE_IDENTIFIER = com.vitoleandro.DynamicList;
				PRODUCT_NAME = "$(TARGET_NAME)";
				SWIFT_VERSION = 5.0;
				TARGETED_DEVICE_FAMILY = "1,2";
			};
			name = Release;
		};
/* End XCBuildConfiguration section */

/* Begin XCConfigurationList section */
		EEB31DA32613EE71001F43FE /* Build configuration list for PBXProject "DynamicList" */ = {
			isa = XCConfigurationList;
			buildConfigurations = (
				EEB31DB52613EE76001F43FE /* Debug */,
				EEB31DB62613EE76001F43FE /* Release */,
			);
			defaultConfigurationIsVisible = 0;
			defaultConfigurationName = Release;
		};
		EEB31DB72613EE76001F43FE /* Build configuration list for PBXNativeTarget "DynamicList" */ = {
			isa = XCConfigurationList;
			buildConfigurations = (
				EEB31DB82613EE76001F43FE /* Debug */,
				EEB31DB92613EE76001F43FE /* Release */,
			);
			defaultConfigurationIsVisible = 0;
			defaultConfigurationName = Release;
		};
/* End XCConfigurationList section */
	};
	rootObject = EEB31DA02613EE71001F43FE /* Project object */;
}
